
Microsoft Visual Studio Solution File, Format Version 12.00
# Visual Studio Version 16
VisualStudioVersion = 16.0.29613.14
MinimumVisualStudioVersion = 10.0.40219.1
Project("{2150E333-8FDC-42A3-9474-1A3956D46DE8}") = "SM.Core", "SM.Core", "{88F13FD1-42D9-45D8-B5C7-48083ED7F3C6}"
EndProject
Project("{2150E333-8FDC-42A3-9474-1A3956D46DE8}") = "SM.Data", "SM.Data", "{7C2F6349-6DA3-45F1-86F3-27F3FF2A2B2C}"
EndProject
Project("{2150E333-8FDC-42A3-9474-1A3956D46DE8}") = "SM.Infra.IoC", "SM.Infra.IoC", "{D9CB20AF-9B02-4343-B21D-B9D327ABDA9F}"
EndProject
Project("{2150E333-8FDC-42A3-9474-1A3956D46DE8}") = "SM.Domain", "SM.Domain", "{42E23C94-2CC3-41AE-8899-C36B1D134B56}"
EndProject
Project("{2150E333-8FDC-42A3-9474-1A3956D46DE8}") = "SM.Web", "SM.Web", "{0DE3CF93-B68F-474B-81BA-2BFC33D6AC09}"
EndProject
Project("{9A19103F-16F7-4668-BE54-9A1E7A4F7556}") = "SM.MVC.Web", "SM.MVC.Web\SM.MVC.Web.csproj", "{132628F0-1219-4C4E-B265-9B045D2B4B8C}"
EndProject
Project("{9A19103F-16F7-4668-BE54-9A1E7A4F7556}") = "Domain", "Domain\Domain.csproj", "{FE1D4B00-C09D-41FE-ABD6-4DDE8C6FA305}"
EndProject
Project("{9A19103F-16F7-4668-BE54-9A1E7A4F7556}") = "Data", "Data\Data.csproj", "{9D78058C-0556-4336-B55B-B8A1D7F11FEB}"
EndProject
Project("{9A19103F-16F7-4668-BE54-9A1E7A4F7556}") = "Core", "Core\Core.csproj", "{CE849B1C-BB5D-4BE3-A6A1-C8879CBBBB17}"
EndProject
Project("{9A19103F-16F7-4668-BE54-9A1E7A4F7556}") = "IoC", "IoC\IoC.csproj", "{0D143DB0-6D0E-41BB-8B83-AC6B5D115846}"
EndProject
Global
	GlobalSection(SolutionConfigurationPlatforms) = preSolution
		Debug|Any CPU = Debug|Any CPU
		Release|Any CPU = Release|Any CPU
	EndGlobalSection
	GlobalSection(ProjectConfigurationPlatforms) = postSolution
		{132628F0-1219-4C4E-B265-9B045D2B4B8C}.Debug|Any CPU.ActiveCfg = Debug|Any CPU
		{132628F0-1219-4C4E-B265-9B045D2B4B8C}.Debug|Any CPU.Build.0 = Debug|Any CPU
		{132628F0-1219-4C4E-B265-9B045D2B4B8C}.Release|Any CPU.ActiveCfg = Release|Any CPU
		{132628F0-1219-4C4E-B265-9B045D2B4B8C}.Release|Any CPU.Build.0 = Release|Any CPU
		{FE1D4B00-C09D-41FE-ABD6-4DDE8C6FA305}.Debug|Any CPU.ActiveCfg = Debug|Any CPU
		{FE1D4B00-C09D-41FE-ABD6-4DDE8C6FA305}.Debug|Any CPU.Build.0 = Debug|Any CPU
		{FE1D4B00-C09D-41FE-ABD6-4DDE8C6FA305}.Release|Any CPU.ActiveCfg = Release|Any CPU
		{FE1D4B00-C09D-41FE-ABD6-4DDE8C6FA305}.Release|Any CPU.Build.0 = Release|Any CPU
		{9D78058C-0556-4336-B55B-B8A1D7F11FEB}.Debug|Any CPU.ActiveCfg = Debug|Any CPU
		{9D78058C-0556-4336-B55B-B8A1D7F11FEB}.Debug|Any CPU.Build.0 = Debug|Any CPU
		{9D78058C-0556-4336-B55B-B8A1D7F11FEB}.Release|Any CPU.ActiveCfg = Release|Any CPU
		{9D78058C-0556-4336-B55B-B8A1D7F11FEB}.Release|Any CPU.Build.0 = Release|Any CPU
		{CE849B1C-BB5D-4BE3-A6A1-C8879CBBBB17}.Debug|Any CPU.ActiveCfg = Debug|Any CPU
		{CE849B1C-BB5D-4BE3-A6A1-C8879CBBBB17}.Debug|Any CPU.Build.0 = Debug|Any CPU
		{CE849B1C-BB5D-4BE3-A6A1-C8879CBBBB17}.Release|Any CPU.ActiveCfg = Release|Any CPU
		{CE849B1C-BB5D-4BE3-A6A1-C8879CBBBB17}.Release|Any CPU.Build.0 = Release|Any CPU
		{0D143DB0-6D0E-41BB-8B83-AC6B5D115846}.Debug|Any CPU.ActiveCfg = Debug|Any CPU
		{0D143DB0-6D0E-41BB-8B83-AC6B5D115846}.Debug|Any CPU.Build.0 = Debug|Any CPU
		{0D143DB0-6D0E-41BB-8B83-AC6B5D115846}.Release|Any CPU.ActiveCfg = Release|Any CPU
		{0D143DB0-6D0E-41BB-8B83-AC6B5D115846}.Release|Any CPU.Build.0 = Release|Any CPU
	EndGlobalSection
	GlobalSection(SolutionProperties) = preSolution
		HideSolutionNode = FALSE
	EndGlobalSection
	GlobalSection(NestedProjects) = preSolution
		{132628F0-1219-4C4E-B265-9B045D2B4B8C} = {0DE3CF93-B68F-474B-81BA-2BFC33D6AC09}
		{FE1D4B00-C09D-41FE-ABD6-4DDE8C6FA305} = {42E23C94-2CC3-41AE-8899-C36B1D134B56}
		{9D78058C-0556-4336-B55B-B8A1D7F11FEB} = {7C2F6349-6DA3-45F1-86F3-27F3FF2A2B2C}
		{CE849B1C-BB5D-4BE3-A6A1-C8879CBBBB17} = {88F13FD1-42D9-45D8-B5C7-48083ED7F3C6}
		{0D143DB0-6D0E-41BB-8B83-AC6B5D115846} = {D9CB20AF-9B02-4343-B21D-B9D327ABDA9F}
	EndGlobalSection
	GlobalSection(ExtensibilityGlobals) = postSolution
		SolutionGuid = {A0A3E201-9A96-41C5-A9FE-4C52F0D62DE7}
	EndGlobalSection
EndGlobal
